
Microsoft Visual Studio Solution File, Format Version 12.00
# Visual Studio Version 17
VisualStudioVersion = 17.9.34723.18
MinimumVisualStudioVersion = 10.0.40219.1
Project("{FAE04EC0-301F-11D3-BF4B-00C04F79EFBC}") = "buildapp", "buildapp\buildapp.csproj", "{9A86D0CB-B0D1-44D1-881B-81F5E017903E}"
EndProject
Global
	GlobalSection(SolutionConfigurationPlatforms) = preSolution
		Debug|Any CPU = Debug|Any CPU
		Release|Any CPU = Release|Any CPU
	EndGlobalSection
	GlobalSection(ProjectConfigurationPlatforms) = postSolution
		{9A86D0CB-B0D1-44D1-881B-81F5E017903E}.Debug|Any CPU.ActiveCfg = Debug|Any CPU
		{9A86D0CB-B0D1-44D1-881B-81F5E017903E}.Debug|Any CPU.Build.0 = Debug|Any CPU
		{9A86D0CB-B0D1-44D1-881B-81F5E017903E}.Release|Any CPU.ActiveCfg = Release|Any CPU
		{9A86D0CB-B0D1-44D1-881B-81F5E017903E}.Release|Any CPU.Build.0 = Release|Any CPU
	EndGlobalSection
	GlobalSection(SolutionProperties) = preSolution
		HideSolutionNode = FALSE
	EndGlobalSection
	GlobalSection(ExtensibilityGlobals) = postSolution
		SolutionGuid = {A8CFEE45-CF09-4268-8056-C5C242CA1F79}
	EndGlobalSection
EndGlobal
